
Microsoft Visual Studio Solution File, Format Version 12.00
# Visual Studio Version 16
VisualStudioVersion = 16.0.33027.164
MinimumVisualStudioVersion = 10.0.40219.1
Project("{FAE04EC0-301F-11D3-BF4B-00C04F79EFBC}") = "Bev.Instruments.Conrad.Relais", "Bev.Instruments.Conrad.Relais.csproj", "{E076916C-FCA1-4CD2-8122-6D2522615295}"
EndProject
Global
	GlobalSection(SolutionConfigurationPlatforms) = preSolution
		Debug|Any CPU = Debug|Any CPU
		Release|Any CPU = Release|Any CPU
	EndGlobalSection
	GlobalSection(ProjectConfigurationPlatforms) = postSolution
		{E076916C-FCA1-4CD2-8122-6D2522615295}.Debug|Any CPU.ActiveCfg = Debug|Any CPU
		{E076916C-FCA1-4CD2-8122-6D2522615295}.Debug|Any CPU.Build.0 = Debug|Any CPU
		{E076916C-FCA1-4CD2-8122-6D2522615295}.Release|Any CPU.ActiveCfg = Release|Any CPU
		{E076916C-FCA1-4CD2-8122-6D2522615295}.Release|Any CPU.Build.0 = Release|Any CPU
	EndGlobalSection
	GlobalSection(SolutionProperties) = preSolution
		HideSolutionNode = FALSE
	EndGlobalSection
	GlobalSection(ExtensibilityGlobals) = postSolution
		SolutionGuid = {DDFFF8A6-58D2-4F53-8A87-0301C75755CE}
	EndGlobalSection
EndGlobal
